
Microsoft Visual Studio Solution File, Format Version 12.00
# Visual Studio 14
VisualStudioVersion = 14.0.23107.0
MinimumVisualStudioVersion = 10.0.40219.1
Project("{2150E333-8FDC-42A3-9474-1A3956D46DE8}") = "Domain Classes", "Domain Classes", "{E397E34D-6439-41BC-ABAA-C2ABE90F473A}"
EndProject
Project("{2150E333-8FDC-42A3-9474-1A3956D46DE8}") = "Data Layer", "Data Layer", "{633EC033-591A-4320-B203-D791CFEA3149}"
EndProject
Project("{2150E333-8FDC-42A3-9474-1A3956D46DE8}") = "IocConfig", "IocConfig", "{0C444D17-0DD0-4E55-AB82-6BC4A2CAD7C7}"
EndProject
Project("{2150E333-8FDC-42A3-9474-1A3956D46DE8}") = "Service Layer", "Service Layer", "{714CA39B-75D9-41CC-A176-33C91AC21474}"
EndProject
Project("{2150E333-8FDC-42A3-9474-1A3956D46DE8}") = "Web Ui", "Web Ui", "{29696AE6-F162-4599-80B5-D8A8830341A5}"
EndProject
Project("{FAE04EC0-301F-11D3-BF4B-00C04F79EFBC}") = "DataLayer", "DataLayer\DataLayer.csproj", "{4689E00B-1EF0-486F-A2B7-34C1B6FD2EEA}"
EndProject
Project("{FAE04EC0-301F-11D3-BF4B-00C04F79EFBC}") = "DomainClasses", "DomainClasses\DomainClasses.csproj", "{5C287771-FB6B-4B7D-B1FD-2E8DCAE969CA}"
EndProject
Project("{FAE04EC0-301F-11D3-BF4B-00C04F79EFBC}") = "IocConfig", "IocConfig\IocConfig.csproj", "{E8A81146-898A-4C17-B7B2-D6AD8B9AEE2D}"
EndProject
Project("{FAE04EC0-301F-11D3-BF4B-00C04F79EFBC}") = "ServiceLayer", "ServiceLayer\ServiceLayer.csproj", "{BC88F0A8-9D7B-4DB0-8204-38EB5AEEDD02}"
EndProject
Project("{FAE04EC0-301F-11D3-BF4B-00C04F79EFBC}") = "CompanyWebSite", "CompanyWebSite\CompanyWebSite.csproj", "{671236A2-4485-4A66-AE04-4400B1E2C000}"
EndProject
Project("{2150E333-8FDC-42A3-9474-1A3956D46DE8}") = "ViewModels", "ViewModels", "{19E86EBD-3EAF-43E7-AAEB-414CA9D5B7B5}"
EndProject
Project("{FAE04EC0-301F-11D3-BF4B-00C04F79EFBC}") = "ViewModels", "ViewModels\ViewModels.csproj", "{516A5843-3B33-48F7-82C6-25CAAF91D2C0}"
EndProject
Global
	GlobalSection(SolutionConfigurationPlatforms) = preSolution
		Debug|Any CPU = Debug|Any CPU
		Release|Any CPU = Release|Any CPU
	EndGlobalSection
	GlobalSection(ProjectConfigurationPlatforms) = postSolution
		{4689E00B-1EF0-486F-A2B7-34C1B6FD2EEA}.Debug|Any CPU.ActiveCfg = Debug|Any CPU
		{4689E00B-1EF0-486F-A2B7-34C1B6FD2EEA}.Debug|Any CPU.Build.0 = Debug|Any CPU
		{4689E00B-1EF0-486F-A2B7-34C1B6FD2EEA}.Release|Any CPU.ActiveCfg = Release|Any CPU
		{4689E00B-1EF0-486F-A2B7-34C1B6FD2EEA}.Release|Any CPU.Build.0 = Release|Any CPU
		{5C287771-FB6B-4B7D-B1FD-2E8DCAE969CA}.Debug|Any CPU.ActiveCfg = Debug|Any CPU
		{5C287771-FB6B-4B7D-B1FD-2E8DCAE969CA}.Debug|Any CPU.Build.0 = Debug|Any CPU
		{5C287771-FB6B-4B7D-B1FD-2E8DCAE969CA}.Release|Any CPU.ActiveCfg = Release|Any CPU
		{5C287771-FB6B-4B7D-B1FD-2E8DCAE969CA}.Release|Any CPU.Build.0 = Release|Any CPU
		{E8A81146-898A-4C17-B7B2-D6AD8B9AEE2D}.Debug|Any CPU.ActiveCfg = Debug|Any CPU
		{E8A81146-898A-4C17-B7B2-D6AD8B9AEE2D}.Debug|Any CPU.Build.0 = Debug|Any CPU
		{E8A81146-898A-4C17-B7B2-D6AD8B9AEE2D}.Release|Any CPU.ActiveCfg = Release|Any CPU
		{E8A81146-898A-4C17-B7B2-D6AD8B9AEE2D}.Release|Any CPU.Build.0 = Release|Any CPU
		{BC88F0A8-9D7B-4DB0-8204-38EB5AEEDD02}.Debug|Any CPU.ActiveCfg = Debug|Any CPU
		{BC88F0A8-9D7B-4DB0-8204-38EB5AEEDD02}.Debug|Any CPU.Build.0 = Debug|Any CPU
		{BC88F0A8-9D7B-4DB0-8204-38EB5AEEDD02}.Release|Any CPU.ActiveCfg = Release|Any CPU
		{BC88F0A8-9D7B-4DB0-8204-38EB5AEEDD02}.Release|Any CPU.Build.0 = Release|Any CPU
		{671236A2-4485-4A66-AE04-4400B1E2C000}.Debug|Any CPU.ActiveCfg = Debug|Any CPU
		{671236A2-4485-4A66-AE04-4400B1E2C000}.Debug|Any CPU.Build.0 = Debug|Any CPU
		{671236A2-4485-4A66-AE04-4400B1E2C000}.Release|Any CPU.ActiveCfg = Release|Any CPU
		{671236A2-4485-4A66-AE04-4400B1E2C000}.Release|Any CPU.Build.0 = Release|Any CPU
		{516A5843-3B33-48F7-82C6-25CAAF91D2C0}.Debug|Any CPU.ActiveCfg = Debug|Any CPU
		{516A5843-3B33-48F7-82C6-25CAAF91D2C0}.Debug|Any CPU.Build.0 = Debug|Any CPU
		{516A5843-3B33-48F7-82C6-25CAAF91D2C0}.Release|Any CPU.ActiveCfg = Release|Any CPU
		{516A5843-3B33-48F7-82C6-25CAAF91D2C0}.Release|Any CPU.Build.0 = Release|Any CPU
	EndGlobalSection
	GlobalSection(SolutionProperties) = preSolution
		HideSolutionNode = FALSE
	EndGlobalSection
	GlobalSection(NestedProjects) = preSolution
		{4689E00B-1EF0-486F-A2B7-34C1B6FD2EEA} = {633EC033-591A-4320-B203-D791CFEA3149}
		{5C287771-FB6B-4B7D-B1FD-2E8DCAE969CA} = {E397E34D-6439-41BC-ABAA-C2ABE90F473A}
		{E8A81146-898A-4C17-B7B2-D6AD8B9AEE2D} = {0C444D17-0DD0-4E55-AB82-6BC4A2CAD7C7}
		{BC88F0A8-9D7B-4DB0-8204-38EB5AEEDD02} = {714CA39B-75D9-41CC-A176-33C91AC21474}
		{671236A2-4485-4A66-AE04-4400B1E2C000} = {29696AE6-F162-4599-80B5-D8A8830341A5}
		{516A5843-3B33-48F7-82C6-25CAAF91D2C0} = {19E86EBD-3EAF-43E7-AAEB-414CA9D5B7B5}
	EndGlobalSection
EndGlobal
